// !$*UTF8*$!
{
	archiveVersion = 1;
	classes = {
	};
	objectVersion = 56;
	objects = {

/* Begin PBXBuildFile section */
		AA000001 /* BatteryGuardApp.swift in Sources */ = {isa = PBXBuildFile; fileRef = AA100001 /* BatteryGuardApp.swift */; };
		AA000002 /* SMCKit.swift in Sources */ = {isa = PBXBuildFile; fileRef = AA100002 /* SMCKit.swift */; };
		AA000009 /* BatteryHistory.swift in Sources */ = {isa = PBXBuildFile; fileRef = AA100009 /* BatteryHistory.swift */; };
		AA000010 /* BatteryMonitor.swift in Sources */ = {isa = PBXBuildFile; fileRef = AA100010 /* BatteryMonitor.swift */; };
		AA000011 /* ChargeController.swift in Sources */ = {isa = PBXBuildFile; fileRef = AA100011 /* ChargeController.swift */; };
		AA000014 /* ChargeState.swift in Sources */ = {isa = PBXBuildFile; fileRef = AA100014 /* ChargeState.swift */; };
		AA000016 /* UserSettings.swift in Sources */ = {isa = PBXBuildFile; fileRef = AA100016 /* UserSettings.swift */; };
		AA000017 /* TopUpAndLED.swift in Sources */ = {isa = PBXBuildFile; fileRef = AA100017 /* TopUpAndLED.swift */; };
		AA000018 /* MenuBarView.swift in Sources */ = {isa = PBXBuildFile; fileRef = AA100018 /* MenuBarView.swift */; };
		AA000019 /* DashboardView.swift in Sources */ = {isa = PBXBuildFile; fileRef = AA100019 /* DashboardView.swift */; };
		AA000020 /* SettingsView.swift in Sources */ = {isa = PBXBuildFile; fileRef = AA100020 /* SettingsView.swift */; };
		AA000021 /* BatteryCommandRunner.swift in Sources */ = {isa = PBXBuildFile; fileRef = AA100021 /* BatteryCommandRunner.swift */; };
		AA000022 /* DiagnosticLog.swift in Sources */ = {isa = PBXBuildFile; fileRef = AA100022 /* DiagnosticLog.swift */; };
		AA000023 /* BatteryControlOwnership.swift in Sources */ = {isa = PBXBuildFile; fileRef = AA100023 /* BatteryControlOwnership.swift */; };
		AA000024 /* ChargeReconciliationPolicy.swift in Sources */ = {isa = PBXBuildFile; fileRef = AA100024 /* ChargeReconciliationPolicy.swift */; };
		AA000025 /* ChargeControlConstraints.swift in Sources */ = {isa = PBXBuildFile; fileRef = AA100025 /* ChargeControlConstraints.swift */; };
		AA000026 /* ChargeLifecyclePolicy.swift in Sources */ = {isa = PBXBuildFile; fileRef = AA100026 /* ChargeLifecyclePolicy.swift */; };
		AA000027 /* SafetyTemperatureCache.swift in Sources */ = {isa = PBXBuildFile; fileRef = AA100027 /* SafetyTemperatureCache.swift */; };
		AA000028 /* HeatProtectionPolicy.swift in Sources */ = {isa = PBXBuildFile; fileRef = AA100028 /* HeatProtectionPolicy.swift */; };
		AA000029 /* LongRunningChargePolicy.swift in Sources */ = {isa = PBXBuildFile; fileRef = AA100029 /* LongRunningChargePolicy.swift */; };
		AA000030 /* SleepChargingProtection.swift in Sources */ = {isa = PBXBuildFile; fileRef = AA100030 /* SleepChargingProtection.swift */; };
		AA000032 /* SystemPowerObserver.swift in Sources */ = {isa = PBXBuildFile; fileRef = AA100032 /* SystemPowerObserver.swift */; };
		AA000033 /* BatteryGuardTheme.swift in Sources */ = {isa = PBXBuildFile; fileRef = AA100033 /* BatteryGuardTheme.swift */; };
		BB000001 /* ChargeStateTests.swift in Sources */ = {isa = PBXBuildFile; fileRef = BB100001 /* ChargeStateTests.swift */; };
		BB000003 /* ChargeReconciliationPolicyTests.swift in Sources */ = {isa = PBXBuildFile; fileRef = BB100003 /* ChargeReconciliationPolicyTests.swift */; };
		BB000004 /* ChargeControllerSafetyTestCase.swift in Sources */ = {isa = PBXBuildFile; fileRef = BB100004 /* ChargeControllerSafetyTestCase.swift */; };
		BB000005 /* ChargeLifecyclePolicyTests.swift in Sources */ = {isa = PBXBuildFile; fileRef = BB100005 /* ChargeLifecyclePolicyTests.swift */; };
		BB000006 /* TestSupport.swift in Sources */ = {isa = PBXBuildFile; fileRef = BB100006 /* TestSupport.swift */; };
		BB000007 /* SafetyTemperatureCacheTests.swift in Sources */ = {isa = PBXBuildFile; fileRef = BB100007 /* SafetyTemperatureCacheTests.swift */; };
		BB000008 /* HeatProtectionPolicyTests.swift in Sources */ = {isa = PBXBuildFile; fileRef = BB100008 /* HeatProtectionPolicyTests.swift */; };
		BB000009 /* LongRunningChargePolicyTests.swift in Sources */ = {isa = PBXBuildFile; fileRef = BB100009 /* LongRunningChargePolicyTests.swift */; };
		BB000010 /* UserSettingsTests.swift in Sources */ = {isa = PBXBuildFile; fileRef = BB100010 /* UserSettingsTests.swift */; };
		BB000011 /* AppActivationControllerTests.swift in Sources */ = {isa = PBXBuildFile; fileRef = BB100011 /* AppActivationControllerTests.swift */; };
		BB000012 /* StatusParsingTests.swift in Sources */ = {isa = PBXBuildFile; fileRef = BB100012 /* StatusParsingTests.swift */; };
		BB000013 /* ProcessLifecycleTests.swift in Sources */ = {isa = PBXBuildFile; fileRef = BB100013 /* ProcessLifecycleTests.swift */; };
		BB000014 /* SMCKitOperationSafetyTests.swift in Sources */ = {isa = PBXBuildFile; fileRef = BB100014 /* SMCKitOperationSafetyTests.swift */; };
		BB000015 /* BatteryValueTests.swift in Sources */ = {isa = PBXBuildFile; fileRef = BB100015 /* BatteryValueTests.swift */; };
		BB000016 /* DiagnosticLogTests.swift in Sources */ = {isa = PBXBuildFile; fileRef = BB100016 /* DiagnosticLogTests.swift */; };
		BB000017 /* BatteryHistoryTests.swift in Sources */ = {isa = PBXBuildFile; fileRef = BB100017 /* BatteryHistoryTests.swift */; };
		BB000018 /* MagSafeLEDStateTests.swift in Sources */ = {isa = PBXBuildFile; fileRef = BB100018 /* MagSafeLEDStateTests.swift */; };
		BB000019 /* ChargeControllerInitializationTests.swift in Sources */ = {isa = PBXBuildFile; fileRef = BB100019 /* ChargeControllerInitializationTests.swift */; };
		BB000020 /* ChargeControllerHeatProtectionTests.swift in Sources */ = {isa = PBXBuildFile; fileRef = BB100020 /* ChargeControllerHeatProtectionTests.swift */; };
		BB000021 /* ChargeControllerReconciliationTests.swift in Sources */ = {isa = PBXBuildFile; fileRef = BB100021 /* ChargeControllerReconciliationTests.swift */; };
		BB000022 /* ChargeControllerLifecycleTests.swift in Sources */ = {isa = PBXBuildFile; fileRef = BB100022 /* ChargeControllerLifecycleTests.swift */; };
		BB000023 /* ChargeControllerOwnershipTests.swift in Sources */ = {isa = PBXBuildFile; fileRef = BB100023 /* ChargeControllerOwnershipTests.swift */; };
		BB000024 /* ChargeControllerTemperatureSamplingTests.swift in Sources */ = {isa = PBXBuildFile; fileRef = BB100024 /* ChargeControllerTemperatureSamplingTests.swift */; };
		BB000025 /* SleepChargingProtectionTests.swift in Sources */ = {isa = PBXBuildFile; fileRef = BB100025 /* SleepChargingProtectionTests.swift */; };
		CC000001 /* Assets.xcassets in Resources */ = {isa = PBXBuildFile; fileRef = CC100001 /* Assets.xcassets */; };
		CC000002 /* SMCTemperatureReader-GPL-2.0.txt in Resources */ = {isa = PBXBuildFile; fileRef = DD100003 /* SMCTemperatureReader-GPL-2.0.txt */; };
		DD000001 /* main.c in Sources */ = {isa = PBXBuildFile; fileRef = DD100001 /* main.c */; };
		DD000002 /* BatteryGuardSMCReader in Copy SMC Reader */ = {isa = PBXBuildFile; fileRef = DD100002 /* BatteryGuardSMCReader */; settings = {ATTRIBUTES = (CodeSignOnCopy, RemoveHeadersOnCopy, ); }; };
		EE000001 /* SMCTemperatureReaderTestBridge.c in Sources */ = {isa = PBXBuildFile; fileRef = EE100001 /* SMCTemperatureReaderTestBridge.c */; };
		EE000002 /* SMCTemperatureReaderCoreTests.swift in Sources */ = {isa = PBXBuildFile; fileRef = EE100003 /* SMCTemperatureReaderCoreTests.swift */; };
/* End PBXBuildFile section */

/* Begin PBXContainerItemProxy section */
		BB300001 /* PBXContainerItemProxy */ = {
			isa = PBXContainerItemProxy;
			containerPortal = AA700001 /* Project object */;
			proxyType = 1;
			remoteGlobalIDString = AA400001;
			remoteInfo = BatteryGuard;
		};
		DD300001 /* PBXContainerItemProxy */ = {
			isa = PBXContainerItemProxy;
			containerPortal = AA700001 /* Project object */;
			proxyType = 1;
			remoteGlobalIDString = DD400001;
			remoteInfo = BatteryGuardSMCReader;
		};
/* End PBXContainerItemProxy section */

/* Begin PBXCopyFilesBuildPhase section */
		DD500002 /* Copy SMC Reader */ = {
			isa = PBXCopyFilesBuildPhase;
			buildActionMask = 2147483647;
			dstPath = Contents/Helpers;
			dstSubfolderSpec = 1;
			files = (
				DD000002 /* BatteryGuardSMCReader in Copy SMC Reader */,
			);
			name = "Copy SMC Reader";
			runOnlyForDeploymentPostprocessing = 0;
		};
/* End PBXCopyFilesBuildPhase section */

/* Begin PBXFileReference section */
		AA100001 /* BatteryGuardApp.swift */ = {isa = PBXFileReference; lastKnownFileType = sourcecode.swift; path = BatteryGuardApp.swift; sourceTree = "<group>"; };
		AA100002 /* SMCKit.swift */ = {isa = PBXFileReference; lastKnownFileType = sourcecode.swift; path = SMCKit.swift; sourceTree = "<group>"; };
		AA100004 /* Info.plist */ = {isa = PBXFileReference; lastKnownFileType = text.plist.xml; path = Info.plist; sourceTree = "<group>"; };
		AA100005 /* BatteryGuard.entitlements */ = {isa = PBXFileReference; lastKnownFileType = text.plist.entitlements; path = BatteryGuard.entitlements; sourceTree = "<group>"; };
		AA100006 /* BatteryGuard.app */ = {isa = PBXFileReference; explicitFileType = wrapper.application; includeInIndex = 0; path = BatteryGuard.app; sourceTree = BUILT_PRODUCTS_DIR; };
		AA100009 /* BatteryHistory.swift */ = {isa = PBXFileReference; lastKnownFileType = sourcecode.swift; path = BatteryHistory.swift; sourceTree = "<group>"; };
		AA100010 /* BatteryMonitor.swift */ = {isa = PBXFileReference; lastKnownFileType = sourcecode.swift; path = BatteryMonitor.swift; sourceTree = "<group>"; };
		AA100011 /* ChargeController.swift */ = {isa = PBXFileReference; lastKnownFileType = sourcecode.swift; path = ChargeController.swift; sourceTree = "<group>"; };
		AA100014 /* ChargeState.swift */ = {isa = PBXFileReference; lastKnownFileType = sourcecode.swift; path = ChargeState.swift; sourceTree = "<group>"; };
		AA100016 /* UserSettings.swift */ = {isa = PBXFileReference; lastKnownFileType = sourcecode.swift; path = UserSettings.swift; sourceTree = "<group>"; };
		AA100017 /* TopUpAndLED.swift */ = {isa = PBXFileReference; lastKnownFileType = sourcecode.swift; path = TopUpAndLED.swift; sourceTree = "<group>"; };
		AA100018 /* MenuBarView.swift */ = {isa = PBXFileReference; lastKnownFileType = sourcecode.swift; path = MenuBarView.swift; sourceTree = "<group>"; };
		AA100019 /* DashboardView.swift */ = {isa = PBXFileReference; lastKnownFileType = sourcecode.swift; path = DashboardView.swift; sourceTree = "<group>"; };
		AA100020 /* SettingsView.swift */ = {isa = PBXFileReference; lastKnownFileType = sourcecode.swift; path = SettingsView.swift; sourceTree = "<group>"; };
		AA100021 /* BatteryCommandRunner.swift */ = {isa = PBXFileReference; lastKnownFileType = sourcecode.swift; path = BatteryCommandRunner.swift; sourceTree = "<group>"; };
		AA100022 /* DiagnosticLog.swift */ = {isa = PBXFileReference; lastKnownFileType = sourcecode.swift; path = DiagnosticLog.swift; sourceTree = "<group>"; };
		AA100023 /* BatteryControlOwnership.swift */ = {isa = PBXFileReference; lastKnownFileType = sourcecode.swift; path = BatteryControlOwnership.swift; sourceTree = "<group>"; };
		AA100024 /* ChargeReconciliationPolicy.swift */ = {isa = PBXFileReference; lastKnownFileType = sourcecode.swift; path = ChargeReconciliationPolicy.swift; sourceTree = "<group>"; };
		AA100025 /* ChargeControlConstraints.swift */ = {isa = PBXFileReference; lastKnownFileType = sourcecode.swift; path = ChargeControlConstraints.swift; sourceTree = "<group>"; };
		AA100026 /* ChargeLifecyclePolicy.swift */ = {isa = PBXFileReference; lastKnownFileType = sourcecode.swift; path = ChargeLifecyclePolicy.swift; sourceTree = "<group>"; };
		AA100027 /* SafetyTemperatureCache.swift */ = {isa = PBXFileReference; lastKnownFileType = sourcecode.swift; path = SafetyTemperatureCache.swift; sourceTree = "<group>"; };
		AA100028 /* HeatProtectionPolicy.swift */ = {isa = PBXFileReference; lastKnownFileType = sourcecode.swift; path = HeatProtectionPolicy.swift; sourceTree = "<group>"; };
		AA100029 /* LongRunningChargePolicy.swift */ = {isa = PBXFileReference; lastKnownFileType = sourcecode.swift; path = LongRunningChargePolicy.swift; sourceTree = "<group>"; };
		AA100030 /* SleepChargingProtection.swift */ = {isa = PBXFileReference; lastKnownFileType = sourcecode.swift; path = SleepChargingProtection.swift; sourceTree = "<group>"; };
		AA100032 /* SystemPowerObserver.swift */ = {isa = PBXFileReference; lastKnownFileType = sourcecode.swift; path = SystemPowerObserver.swift; sourceTree = "<group>"; };
		AA100033 /* BatteryGuardTheme.swift */ = {isa = PBXFileReference; lastKnownFileType = sourcecode.swift; path = BatteryGuardTheme.swift; sourceTree = "<group>"; };
		BB100001 /* ChargeStateTests.swift */ = {isa = PBXFileReference; lastKnownFileType = sourcecode.swift; path = ChargeStateTests.swift; sourceTree = "<group>"; };
		BB100002 /* BatteryGuardTests.xctest */ = {isa = PBXFileReference; explicitFileType = wrapper.cfbundle; includeInIndex = 0; path = BatteryGuardTests.xctest; sourceTree = BUILT_PRODUCTS_DIR; };
		BB100003 /* ChargeReconciliationPolicyTests.swift */ = {isa = PBXFileReference; lastKnownFileType = sourcecode.swift; path = ChargeReconciliationPolicyTests.swift; sourceTree = "<group>"; };
		BB100004 /* ChargeControllerSafetyTestCase.swift */ = {isa = PBXFileReference; lastKnownFileType = sourcecode.swift; path = ChargeControllerSafetyTestCase.swift; sourceTree = "<group>"; };
		BB100005 /* ChargeLifecyclePolicyTests.swift */ = {isa = PBXFileReference; lastKnownFileType = sourcecode.swift; path = ChargeLifecyclePolicyTests.swift; sourceTree = "<group>"; };
		BB100006 /* TestSupport.swift */ = {isa = PBXFileReference; lastKnownFileType = sourcecode.swift; path = TestSupport.swift; sourceTree = "<group>"; };
		BB100007 /* SafetyTemperatureCacheTests.swift */ = {isa = PBXFileReference; lastKnownFileType = sourcecode.swift; path = SafetyTemperatureCacheTests.swift; sourceTree = "<group>"; };
		BB100008 /* HeatProtectionPolicyTests.swift */ = {isa = PBXFileReference; lastKnownFileType = sourcecode.swift; path = HeatProtectionPolicyTests.swift; sourceTree = "<group>"; };
		BB100009 /* LongRunningChargePolicyTests.swift */ = {isa = PBXFileReference; lastKnownFileType = sourcecode.swift; path = LongRunningChargePolicyTests.swift; sourceTree = "<group>"; };
		BB100010 /* UserSettingsTests.swift */ = {isa = PBXFileReference; lastKnownFileType = sourcecode.swift; path = UserSettingsTests.swift; sourceTree = "<group>"; };
		BB100011 /* AppActivationControllerTests.swift */ = {isa = PBXFileReference; lastKnownFileType = sourcecode.swift; path = AppActivationControllerTests.swift; sourceTree = "<group>"; };
		BB100012 /* StatusParsingTests.swift */ = {isa = PBXFileReference; lastKnownFileType = sourcecode.swift; path = StatusParsingTests.swift; sourceTree = "<group>"; };
		BB100013 /* ProcessLifecycleTests.swift */ = {isa = PBXFileReference; lastKnownFileType = sourcecode.swift; path = ProcessLifecycleTests.swift; sourceTree = "<group>"; };
		BB100014 /* SMCKitOperationSafetyTests.swift */ = {isa = PBXFileReference; lastKnownFileType = sourcecode.swift; path = SMCKitOperationSafetyTests.swift; sourceTree = "<group>"; };
		BB100015 /* BatteryValueTests.swift */ = {isa = PBXFileReference; lastKnownFileType = sourcecode.swift; path = BatteryValueTests.swift; sourceTree = "<group>"; };
		BB100016 /* DiagnosticLogTests.swift */ = {isa = PBXFileReference; lastKnownFileType = sourcecode.swift; path = DiagnosticLogTests.swift; sourceTree = "<group>"; };
		BB100017 /* BatteryHistoryTests.swift */ = {isa = PBXFileReference; lastKnownFileType = sourcecode.swift; path = BatteryHistoryTests.swift; sourceTree = "<group>"; };
		BB100018 /* MagSafeLEDStateTests.swift */ = {isa = PBXFileReference; lastKnownFileType = sourcecode.swift; path = MagSafeLEDStateTests.swift; sourceTree = "<group>"; };
		BB100019 /* ChargeControllerInitializationTests.swift */ = {isa = PBXFileReference; lastKnownFileType = sourcecode.swift; path = ChargeControllerInitializationTests.swift; sourceTree = "<group>"; };
		BB100020 /* ChargeControllerHeatProtectionTests.swift */ = {isa = PBXFileReference; lastKnownFileType = sourcecode.swift; path = ChargeControllerHeatProtectionTests.swift; sourceTree = "<group>"; };
		BB100021 /* ChargeControllerReconciliationTests.swift */ = {isa = PBXFileReference; lastKnownFileType = sourcecode.swift; path = ChargeControllerReconciliationTests.swift; sourceTree = "<group>"; };
		BB100022 /* ChargeControllerLifecycleTests.swift */ = {isa = PBXFileReference; lastKnownFileType = sourcecode.swift; path = ChargeControllerLifecycleTests.swift; sourceTree = "<group>"; };
		BB100023 /* ChargeControllerOwnershipTests.swift */ = {isa = PBXFileReference; lastKnownFileType = sourcecode.swift; path = ChargeControllerOwnershipTests.swift; sourceTree = "<group>"; };
		BB100024 /* ChargeControllerTemperatureSamplingTests.swift */ = {isa = PBXFileReference; lastKnownFileType = sourcecode.swift; path = ChargeControllerTemperatureSamplingTests.swift; sourceTree = "<group>"; };
		BB100025 /* SleepChargingProtectionTests.swift */ = {isa = PBXFileReference; lastKnownFileType = sourcecode.swift; path = SleepChargingProtectionTests.swift; sourceTree = "<group>"; };
		CC100001 /* Assets.xcassets */ = {isa = PBXFileReference; lastKnownFileType = folder.assetcatalog; path = Assets.xcassets; sourceTree = "<group>"; };
		DD100001 /* main.c */ = {isa = PBXFileReference; lastKnownFileType = sourcecode.c.c; path = main.c; sourceTree = "<group>"; };
		DD100002 /* BatteryGuardSMCReader */ = {isa = PBXFileReference; explicitFileType = "compiled.mach-o.executable"; includeInIndex = 0; path = BatteryGuardSMCReader; sourceTree = BUILT_PRODUCTS_DIR; };
		DD100003 /* SMCTemperatureReader-GPL-2.0.txt */ = {isa = PBXFileReference; lastKnownFileType = text; path = "SMCTemperatureReader-GPL-2.0.txt"; sourceTree = "<group>"; };
		DD100004 /* README.md */ = {isa = PBXFileReference; lastKnownFileType = net.daringfireball.markdown; path = README.md; sourceTree = "<group>"; };
		EE100001 /* SMCTemperatureReaderTestBridge.c */ = {isa = PBXFileReference; lastKnownFileType = sourcecode.c.c; path = SMCTemperatureReaderTestBridge.c; sourceTree = "<group>"; };
		EE100002 /* SMCTemperatureReaderTestBridge.h */ = {isa = PBXFileReference; lastKnownFileType = sourcecode.c.h; path = SMCTemperatureReaderTestBridge.h; sourceTree = "<group>"; };
		EE100003 /* SMCTemperatureReaderCoreTests.swift */ = {isa = PBXFileReference; lastKnownFileType = sourcecode.swift; path = SMCTemperatureReaderCoreTests.swift; sourceTree = "<group>"; };
/* End PBXFileReference section */

/* Begin PBXFrameworksBuildPhase section */
		AA200001 /* Frameworks */ = {
			isa = PBXFrameworksBuildPhase;
			buildActionMask = 2147483647;
			files = (
			);
			runOnlyForDeploymentPostprocessing = 0;
		};
		BB200001 /* Frameworks */ = {
			isa = PBXFrameworksBuildPhase;
			buildActionMask = 2147483647;
			files = (
			);
			runOnlyForDeploymentPostprocessing = 0;
		};
		DD200001 /* Frameworks */ = {
			isa = PBXFrameworksBuildPhase;
			buildActionMask = 2147483647;
			files = (
			);
			runOnlyForDeploymentPostprocessing = 0;
		};
/* End PBXFrameworksBuildPhase section */

/* Begin PBXGroup section */
		AA300001 = {
			isa = PBXGroup;
			children = (
				AA300002 /* BatteryGuard */,
				BB300002 /* BatteryGuardTests */,
				DD300002 /* SMCTemperatureReader */,
				AA300005 /* Products */,
			);
			sourceTree = "<group>";
		};
		AA300002 /* BatteryGuard */ = {
			isa = PBXGroup;
			children = (
				AA100001 /* BatteryGuardApp.swift */,
				CC100001 /* Assets.xcassets */,
				AA100004 /* Info.plist */,
				AA100005 /* BatteryGuard.entitlements */,
				AA300003 /* SMC */,
				AA300004 /* Core */,
				AA300007 /* UI */,
			);
			path = BatteryGuard;
			sourceTree = "<group>";
		};
		AA300003 /* SMC */ = {
			isa = PBXGroup;
			children = (
				AA100021 /* BatteryCommandRunner.swift */,
				AA100002 /* SMCKit.swift */,
				AA100032 /* SystemPowerObserver.swift */,
			);
			path = SMC;
			sourceTree = "<group>";
		};
		AA300004 /* Core */ = {
			isa = PBXGroup;
			children = (
				AA100023 /* BatteryControlOwnership.swift */,
				AA100009 /* BatteryHistory.swift */,
				AA100010 /* BatteryMonitor.swift */,
				AA100025 /* ChargeControlConstraints.swift */,
				AA100011 /* ChargeController.swift */,
				AA100026 /* ChargeLifecyclePolicy.swift */,
				AA100024 /* ChargeReconciliationPolicy.swift */,
				AA100014 /* ChargeState.swift */,
				AA100022 /* DiagnosticLog.swift */,
				AA100028 /* HeatProtectionPolicy.swift */,
				AA100029 /* LongRunningChargePolicy.swift */,
				AA100027 /* SafetyTemperatureCache.swift */,
				AA100030 /* SleepChargingProtection.swift */,
				AA100016 /* UserSettings.swift */,
				AA100017 /* TopUpAndLED.swift */,
			);
			path = Core;
			sourceTree = "<group>";
		};
		AA300005 /* Products */ = {
			isa = PBXGroup;
			children = (
				AA100006 /* BatteryGuard.app */,
				BB100002 /* BatteryGuardTests.xctest */,
				DD100002 /* BatteryGuardSMCReader */,
			);
			name = Products;
			sourceTree = "<group>";
		};
		AA300007 /* UI */ = {
			isa = PBXGroup;
			children = (
				AA100033 /* BatteryGuardTheme.swift */,
				AA100018 /* MenuBarView.swift */,
				AA100019 /* DashboardView.swift */,
				AA100020 /* SettingsView.swift */,
			);
			path = UI;
			sourceTree = "<group>";
		};
		BB300002 /* BatteryGuardTests */ = {
			isa = PBXGroup;
			children = (
				BB100001 /* ChargeStateTests.swift */,
				BB100011 /* AppActivationControllerTests.swift */,
				BB100017 /* BatteryHistoryTests.swift */,
				BB100015 /* BatteryValueTests.swift */,
				BB100004 /* ChargeControllerSafetyTestCase.swift */,
				BB100020 /* ChargeControllerHeatProtectionTests.swift */,
				BB100019 /* ChargeControllerInitializationTests.swift */,
				BB100022 /* ChargeControllerLifecycleTests.swift */,
				BB100023 /* ChargeControllerOwnershipTests.swift */,
				BB100021 /* ChargeControllerReconciliationTests.swift */,
				BB100024 /* ChargeControllerTemperatureSamplingTests.swift */,
				BB100005 /* ChargeLifecyclePolicyTests.swift */,
				BB100016 /* DiagnosticLogTests.swift */,
				BB100008 /* HeatProtectionPolicyTests.swift */,
				BB100009 /* LongRunningChargePolicyTests.swift */,
				BB100018 /* MagSafeLEDStateTests.swift */,
				BB100013 /* ProcessLifecycleTests.swift */,
				BB100003 /* ChargeReconciliationPolicyTests.swift */,
				BB100014 /* SMCKitOperationSafetyTests.swift */,
				EE100003 /* SMCTemperatureReaderCoreTests.swift */,
				EE100001 /* SMCTemperatureReaderTestBridge.c */,
				EE100002 /* SMCTemperatureReaderTestBridge.h */,
				BB100025 /* SleepChargingProtectionTests.swift */,
				BB100006 /* TestSupport.swift */,
				BB100012 /* StatusParsingTests.swift */,
				BB100007 /* SafetyTemperatureCacheTests.swift */,
				BB100010 /* UserSettingsTests.swift */,
			);
			path = BatteryGuardTests;
			sourceTree = "<group>";
		};
		DD300002 /* SMCTemperatureReader */ = {
			isa = PBXGroup;
			children = (
				DD100001 /* main.c */,
				DD100004 /* README.md */,
				DD100003 /* SMCTemperatureReader-GPL-2.0.txt */,
			);
			path = SMCTemperatureReader;
			sourceTree = "<group>";
		};
/* End PBXGroup section */

/* Begin PBXNativeTarget section */
		AA400001 /* BatteryGuard */ = {
			isa = PBXNativeTarget;
			buildConfigurationList = AA600001 /* Build configuration list for PBXNativeTarget "BatteryGuard" */;
			buildPhases = (
				AA500001 /* Sources */,
				AA200001 /* Frameworks */,
				CC200001 /* Resources */,
				DD500002 /* Copy SMC Reader */,
			);
			buildRules = (
			);
			dependencies = (
				DD400002 /* PBXTargetDependency */,
			);
			name = BatteryGuard;
			productName = BatteryGuard;
			productReference = AA100006 /* BatteryGuard.app */;
			productType = "com.apple.product-type.application";
		};
		BB400001 /* BatteryGuardTests */ = {
			isa = PBXNativeTarget;
			buildConfigurationList = BB600001 /* Build configuration list for PBXNativeTarget "BatteryGuardTests" */;
			buildPhases = (
				BB500001 /* Sources */,
				BB200001 /* Frameworks */,
			);
			buildRules = (
			);
			dependencies = (
				BB400002 /* PBXTargetDependency */,
			);
			name = BatteryGuardTests;
			productName = BatteryGuardTests;
			productReference = BB100002 /* BatteryGuardTests.xctest */;
			productType = "com.apple.product-type.bundle.unit-test";
		};
		DD400001 /* BatteryGuardSMCReader */ = {
			isa = PBXNativeTarget;
			buildConfigurationList = DD600001 /* Build configuration list for PBXNativeTarget "BatteryGuardSMCReader" */;
			buildPhases = (
				DD500001 /* Sources */,
				DD200001 /* Frameworks */,
			);
			buildRules = (
			);
			dependencies = (
			);
			name = BatteryGuardSMCReader;
			productName = BatteryGuardSMCReader;
			productReference = DD100002 /* BatteryGuardSMCReader */;
			productType = "com.apple.product-type.tool";
		};
/* End PBXNativeTarget section */

/* Begin PBXProject section */
		AA700001 /* Project object */ = {
			isa = PBXProject;
			attributes = {
				BuildIndependentTargetsInParallel = 1;
				LastSwiftUpdateCheck = 1500;
				LastUpgradeCheck = 2640;
				TargetAttributes = {
					DD400001 = {
						CreatedOnToolsVersion = 26.4;
					};
				};
			};
			buildConfigurationList = AA600003 /* Build configuration list for PBXProject "BatteryGuard" */;
			compatibilityVersion = "Xcode 14.0";
			developmentRegion = en;
			hasScannedForEncodings = 0;
			knownRegions = (
				en,
				Base,
			);
			mainGroup = AA300001;
			productRefGroup = AA300005 /* Products */;
			projectDirPath = "";
			projectRoot = "";
			targets = (
				AA400001 /* BatteryGuard */,
				BB400001 /* BatteryGuardTests */,
				DD400001 /* BatteryGuardSMCReader */,
			);
		};
/* End PBXProject section */

/* Begin PBXResourcesBuildPhase section */
		CC200001 /* Resources */ = {
			isa = PBXResourcesBuildPhase;
			buildActionMask = 2147483647;
			files = (
				CC000001 /* Assets.xcassets in Resources */,
				CC000002 /* SMCTemperatureReader-GPL-2.0.txt in Resources */,
			);
			runOnlyForDeploymentPostprocessing = 0;
		};
/* End PBXResourcesBuildPhase section */

/* Begin PBXSourcesBuildPhase section */
		AA500001 /* Sources */ = {
			isa = PBXSourcesBuildPhase;
			buildActionMask = 2147483647;
			files = (
				AA000001 /* BatteryGuardApp.swift in Sources */,
				AA000021 /* BatteryCommandRunner.swift in Sources */,
				AA000022 /* DiagnosticLog.swift in Sources */,
				AA000023 /* BatteryControlOwnership.swift in Sources */,
				AA000024 /* ChargeReconciliationPolicy.swift in Sources */,
				AA000025 /* ChargeControlConstraints.swift in Sources */,
				AA000026 /* ChargeLifecyclePolicy.swift in Sources */,
				AA000028 /* HeatProtectionPolicy.swift in Sources */,
				AA000029 /* LongRunningChargePolicy.swift in Sources */,
				AA000030 /* SleepChargingProtection.swift in Sources */,
				AA000032 /* SystemPowerObserver.swift in Sources */,
				AA000002 /* SMCKit.swift in Sources */,
				AA000009 /* BatteryHistory.swift in Sources */,
				AA000010 /* BatteryMonitor.swift in Sources */,
				AA000011 /* ChargeController.swift in Sources */,
				AA000014 /* ChargeState.swift in Sources */,
				AA000016 /* UserSettings.swift in Sources */,
				AA000017 /* TopUpAndLED.swift in Sources */,
				AA000018 /* MenuBarView.swift in Sources */,
				AA000019 /* DashboardView.swift in Sources */,
				AA000020 /* SettingsView.swift in Sources */,
				AA000033 /* BatteryGuardTheme.swift in Sources */,
				AA000027 /* SafetyTemperatureCache.swift in Sources */,
			);
			runOnlyForDeploymentPostprocessing = 0;
		};
		BB500001 /* Sources */ = {
			isa = PBXSourcesBuildPhase;
			buildActionMask = 2147483647;
			files = (
				BB000001 /* ChargeStateTests.swift in Sources */,
				BB000011 /* AppActivationControllerTests.swift in Sources */,
				BB000017 /* BatteryHistoryTests.swift in Sources */,
				BB000015 /* BatteryValueTests.swift in Sources */,
				BB000004 /* ChargeControllerSafetyTestCase.swift in Sources */,
				BB000020 /* ChargeControllerHeatProtectionTests.swift in Sources */,
				BB000019 /* ChargeControllerInitializationTests.swift in Sources */,
				BB000022 /* ChargeControllerLifecycleTests.swift in Sources */,
				BB000023 /* ChargeControllerOwnershipTests.swift in Sources */,
				BB000021 /* ChargeControllerReconciliationTests.swift in Sources */,
				BB000024 /* ChargeControllerTemperatureSamplingTests.swift in Sources */,
				BB000005 /* ChargeLifecyclePolicyTests.swift in Sources */,
				BB000016 /* DiagnosticLogTests.swift in Sources */,
				BB000008 /* HeatProtectionPolicyTests.swift in Sources */,
				BB000009 /* LongRunningChargePolicyTests.swift in Sources */,
				BB000018 /* MagSafeLEDStateTests.swift in Sources */,
				BB000013 /* ProcessLifecycleTests.swift in Sources */,
				BB000003 /* ChargeReconciliationPolicyTests.swift in Sources */,
				BB000014 /* SMCKitOperationSafetyTests.swift in Sources */,
				EE000002 /* SMCTemperatureReaderCoreTests.swift in Sources */,
				EE000001 /* SMCTemperatureReaderTestBridge.c in Sources */,
				BB000025 /* SleepChargingProtectionTests.swift in Sources */,
				BB000006 /* TestSupport.swift in Sources */,
				BB000012 /* StatusParsingTests.swift in Sources */,
				BB000007 /* SafetyTemperatureCacheTests.swift in Sources */,
				BB000010 /* UserSettingsTests.swift in Sources */,
			);
			runOnlyForDeploymentPostprocessing = 0;
		};
		DD500001 /* Sources */ = {
			isa = PBXSourcesBuildPhase;
			buildActionMask = 2147483647;
			files = (
				DD000001 /* main.c in Sources */,
			);
			runOnlyForDeploymentPostprocessing = 0;
		};
/* End PBXSourcesBuildPhase section */

/* Begin PBXTargetDependency section */
		BB400002 /* PBXTargetDependency */ = {
			isa = PBXTargetDependency;
			target = AA400001 /* BatteryGuard */;
			targetProxy = BB300001 /* PBXContainerItemProxy */;
		};
		DD400002 /* PBXTargetDependency */ = {
			isa = PBXTargetDependency;
			target = DD400001 /* BatteryGuardSMCReader */;
			targetProxy = DD300001 /* PBXContainerItemProxy */;
		};
/* End PBXTargetDependency section */

/* Begin XCBuildConfiguration section */
		AA800001 /* Debug */ = {
			isa = XCBuildConfiguration;
			buildSettings = {
				ASSETCATALOG_COMPILER_APPICON_NAME = AppIcon;
				CODE_SIGN_ENTITLEMENTS = BatteryGuard/BatteryGuard.entitlements;
				CODE_SIGN_STYLE = Automatic;
				COMBINE_HIDPI_IMAGES = YES;
				CURRENT_PROJECT_VERSION = 1;
				DEAD_CODE_STRIPPING = YES;
				ENABLE_APP_SANDBOX = NO;
				GENERATE_INFOPLIST_FILE = YES;
				INFOPLIST_FILE = BatteryGuard/Info.plist;
				INFOPLIST_KEY_LSUIElement = YES;
				INFOPLIST_KEY_NSMainNibFile = "";
				LD_RUNPATH_SEARCH_PATHS = (
					"$(inherited)",
					"@executable_path/../Frameworks",
				);
				MACOSX_DEPLOYMENT_TARGET = 14.0;
				MARKETING_VERSION = 1.0;
				PRODUCT_BUNDLE_IDENTIFIER = com.jiwon.batteryguard;
				PRODUCT_NAME = "$(TARGET_NAME)";
				SWIFT_EMIT_LOC_STRINGS = YES;
				SWIFT_STRICT_CONCURRENCY = complete;
				SWIFT_TREAT_WARNINGS_AS_ERRORS = YES;
				SWIFT_VERSION = 5.0;
			};
			name = Debug;
		};
		AA800002 /* Release */ = {
			isa = XCBuildConfiguration;
			buildSettings = {
				ASSETCATALOG_COMPILER_APPICON_NAME = AppIcon;
				CODE_SIGN_ENTITLEMENTS = BatteryGuard/BatteryGuard.entitlements;
				CODE_SIGN_STYLE = Automatic;
				COMBINE_HIDPI_IMAGES = YES;
				CURRENT_PROJECT_VERSION = 1;
				DEAD_CODE_STRIPPING = YES;
				ENABLE_APP_SANDBOX = NO;
				ENABLE_HARDENED_RUNTIME = YES;
				GENERATE_INFOPLIST_FILE = YES;
				INFOPLIST_FILE = BatteryGuard/Info.plist;
				INFOPLIST_KEY_LSUIElement = YES;
				INFOPLIST_KEY_NSMainNibFile = "";
				LD_RUNPATH_SEARCH_PATHS = (
					"$(inherited)",
					"@executable_path/../Frameworks",
				);
				MACOSX_DEPLOYMENT_TARGET = 14.0;
				MARKETING_VERSION = 1.0;
				PRODUCT_BUNDLE_IDENTIFIER = com.jiwon.batteryguard;
				PRODUCT_NAME = "$(TARGET_NAME)";
				SWIFT_EMIT_LOC_STRINGS = YES;
				SWIFT_STRICT_CONCURRENCY = complete;
				SWIFT_TREAT_WARNINGS_AS_ERRORS = YES;
				SWIFT_VERSION = 5.0;
			};
			name = Release;
		};
		AA800003 /* Debug */ = {
			isa = XCBuildConfiguration;
			buildSettings = {
				ALWAYS_SEARCH_USER_PATHS = NO;
				CLANG_ANALYZER_NONNULL = YES;
				CLANG_ANALYZER_NUMBER_OBJECT_CONVERSION = YES_AGGRESSIVE;
				CLANG_CXX_LANGUAGE_STANDARD = "gnu++20";
				CLANG_ENABLE_MODULES = YES;
				CLANG_ENABLE_OBJC_ARC = YES;
				CLANG_WARN_BLOCK_CAPTURE_AUTORELEASING = YES;
				CLANG_WARN_BOOL_CONVERSION = YES;
				CLANG_WARN_COMMA = YES;
				CLANG_WARN_CONSTANT_CONVERSION = YES;
				CLANG_WARN_DEPRECATED_OBJC_IMPLEMENTATIONS = YES;
				CLANG_WARN_DIRECT_OBJC_ISA_USAGE = YES_ERROR;
				CLANG_WARN_DOCUMENTATION_COMMENTS = YES;
				CLANG_WARN_EMPTY_BODY = YES;
				CLANG_WARN_ENUM_CONVERSION = YES;
				CLANG_WARN_INFINITE_RECURSION = YES;
				CLANG_WARN_INT_CONVERSION = YES;
				CLANG_WARN_NON_LITERAL_NULL_CONVERSION = YES;
				CLANG_WARN_OBJC_IMPLICIT_RETAIN_SELF = YES;
				CLANG_WARN_OBJC_LITERAL_CONVERSION = YES;
				CLANG_WARN_OBJC_ROOT_CLASS = YES_ERROR;
				CLANG_WARN_QUOTED_INCLUDE_IN_FRAMEWORK_HEADER = YES;
				CLANG_WARN_RANGE_LOOP_ANALYSIS = YES;
				CLANG_WARN_STRICT_PROTOTYPES = YES;
				CLANG_WARN_SUSPICIOUS_MOVE = YES;
				CLANG_WARN_UNGUARDED_AVAILABILITY = YES_AGGRESSIVE;
				CLANG_WARN_UNREACHABLE_CODE = YES;
				CLANG_WARN__DUPLICATE_METHOD_MATCH = YES;
				COPY_PHASE_STRIP = NO;
				DEAD_CODE_STRIPPING = YES;
				DEBUG_INFORMATION_FORMAT = dwarf;
				ENABLE_STRICT_OBJC_MSGSEND = YES;
				ENABLE_TESTABILITY = YES;
				ENABLE_USER_SCRIPT_SANDBOXING = YES;
				GCC_C_LANGUAGE_STANDARD = gnu17;
				GCC_DYNAMIC_NO_PIC = NO;
				GCC_NO_COMMON_BLOCKS = YES;
				GCC_OPTIMIZATION_LEVEL = 0;
				GCC_PREPROCESSOR_DEFINITIONS = (
					"DEBUG=1",
					"$(inherited)",
				);
				GCC_WARN_64_TO_32_BIT_CONVERSION = YES;
				GCC_WARN_ABOUT_RETURN_TYPE = YES_ERROR;
				GCC_WARN_UNDECLARED_SELECTOR = YES;
				GCC_WARN_UNINITIALIZED_AUTOS = YES_AGGRESSIVE;
				GCC_WARN_UNUSED_FUNCTION = YES;
				GCC_WARN_UNUSED_VARIABLE = YES;
				MACOSX_DEPLOYMENT_TARGET = 14.0;
				MTL_ENABLE_DEBUG_INFO = INCLUDE_SOURCE;
				MTL_FAST_MATH = YES;
				ONLY_ACTIVE_ARCH = YES;
				SDKROOT = macosx;
				STRING_CATALOG_GENERATE_SYMBOLS = YES;
				SWIFT_ACTIVE_COMPILATION_CONDITIONS = "$(inherited) DEBUG";
				SWIFT_OPTIMIZATION_LEVEL = "-Onone";
			};
			name = Debug;
		};
		AA800004 /* Release */ = {
			isa = XCBuildConfiguration;
			buildSettings = {
				ALWAYS_SEARCH_USER_PATHS = NO;
				CLANG_ANALYZER_NONNULL = YES;
				CLANG_ANALYZER_NUMBER_OBJECT_CONVERSION = YES_AGGRESSIVE;
				CLANG_CXX_LANGUAGE_STANDARD = "gnu++20";
				CLANG_ENABLE_MODULES = YES;
				CLANG_ENABLE_OBJC_ARC = YES;
				CLANG_WARN_BLOCK_CAPTURE_AUTORELEASING = YES;
				CLANG_WARN_BOOL_CONVERSION = YES;
				CLANG_WARN_COMMA = YES;
				CLANG_WARN_CONSTANT_CONVERSION = YES;
				CLANG_WARN_DEPRECATED_OBJC_IMPLEMENTATIONS = YES;
				CLANG_WARN_DIRECT_OBJC_ISA_USAGE = YES_ERROR;
				CLANG_WARN_DOCUMENTATION_COMMENTS = YES;
				CLANG_WARN_EMPTY_BODY = YES;
				CLANG_WARN_ENUM_CONVERSION = YES;
				CLANG_WARN_INFINITE_RECURSION = YES;
				CLANG_WARN_INT_CONVERSION = YES;
				CLANG_WARN_NON_LITERAL_NULL_CONVERSION = YES;
				CLANG_WARN_OBJC_IMPLICIT_RETAIN_SELF = YES;
				CLANG_WARN_OBJC_LITERAL_CONVERSION = YES;
				CLANG_WARN_OBJC_ROOT_CLASS = YES_ERROR;
				CLANG_WARN_QUOTED_INCLUDE_IN_FRAMEWORK_HEADER = YES;
				CLANG_WARN_RANGE_LOOP_ANALYSIS = YES;
				CLANG_WARN_STRICT_PROTOTYPES = YES;
				CLANG_WARN_SUSPICIOUS_MOVE = YES;
				CLANG_WARN_UNGUARDED_AVAILABILITY = YES_AGGRESSIVE;
				CLANG_WARN_UNREACHABLE_CODE = YES;
				CLANG_WARN__DUPLICATE_METHOD_MATCH = YES;
				COPY_PHASE_STRIP = NO;
				DEAD_CODE_STRIPPING = YES;
				DEBUG_INFORMATION_FORMAT = "dwarf-with-dsym";
				ENABLE_NS_ASSERTIONS = NO;
				ENABLE_STRICT_OBJC_MSGSEND = YES;
				ENABLE_USER_SCRIPT_SANDBOXING = YES;
				GCC_C_LANGUAGE_STANDARD = gnu17;
				GCC_NO_COMMON_BLOCKS = YES;
				GCC_WARN_64_TO_32_BIT_CONVERSION = YES;
				GCC_WARN_ABOUT_RETURN_TYPE = YES_ERROR;
				GCC_WARN_UNDECLARED_SELECTOR = YES;
				GCC_WARN_UNINITIALIZED_AUTOS = YES_AGGRESSIVE;
				GCC_WARN_UNUSED_FUNCTION = YES;
				GCC_WARN_UNUSED_VARIABLE = YES;
				MACOSX_DEPLOYMENT_TARGET = 14.0;
				MTL_FAST_MATH = YES;
				SDKROOT = macosx;
				STRING_CATALOG_GENERATE_SYMBOLS = YES;
				SWIFT_COMPILATION_MODE = wholemodule;
			};
			name = Release;
		};
		BB800001 /* Debug */ = {
			isa = XCBuildConfiguration;
			buildSettings = {
				BUNDLE_LOADER = "$(TEST_HOST)";
				CODE_SIGN_STYLE = Automatic;
				CURRENT_PROJECT_VERSION = 1;
				DEAD_CODE_STRIPPING = YES;
				GENERATE_INFOPLIST_FILE = YES;
				MACOSX_DEPLOYMENT_TARGET = 14.0;
				PRODUCT_BUNDLE_IDENTIFIER = com.jiwon.batteryguard.tests;
				PRODUCT_NAME = "$(TARGET_NAME)";
				SWIFT_EMIT_LOC_STRINGS = NO;
				SWIFT_OBJC_BRIDGING_HEADER = BatteryGuardTests/SMCTemperatureReaderTestBridge.h;
				SWIFT_STRICT_CONCURRENCY = complete;
				SWIFT_TREAT_WARNINGS_AS_ERRORS = YES;
				SWIFT_VERSION = 5.0;
				TEST_HOST = "$(BUILT_PRODUCTS_DIR)/BatteryGuard.app/Contents/MacOS/BatteryGuard";
			};
			name = Debug;
		};
		BB800002 /* Release */ = {
			isa = XCBuildConfiguration;
			buildSettings = {
				BUNDLE_LOADER = "$(TEST_HOST)";
				CODE_SIGN_STYLE = Automatic;
				CURRENT_PROJECT_VERSION = 1;
				DEAD_CODE_STRIPPING = YES;
				GENERATE_INFOPLIST_FILE = YES;
				MACOSX_DEPLOYMENT_TARGET = 14.0;
				PRODUCT_BUNDLE_IDENTIFIER = com.jiwon.batteryguard.tests;
				PRODUCT_NAME = "$(TARGET_NAME)";
				SWIFT_EMIT_LOC_STRINGS = NO;
				SWIFT_OBJC_BRIDGING_HEADER = BatteryGuardTests/SMCTemperatureReaderTestBridge.h;
				SWIFT_STRICT_CONCURRENCY = complete;
				SWIFT_TREAT_WARNINGS_AS_ERRORS = YES;
				SWIFT_VERSION = 5.0;
				TEST_HOST = "$(BUILT_PRODUCTS_DIR)/BatteryGuard.app/Contents/MacOS/BatteryGuard";
			};
			name = Release;
		};
		DD800001 /* Debug */ = {
			isa = XCBuildConfiguration;
			buildSettings = {
				CODE_SIGN_STYLE = Automatic;
				DEAD_CODE_STRIPPING = YES;
				ENABLE_CODE_COVERAGE = NO;
				GCC_TREAT_WARNINGS_AS_ERRORS = YES;
				MACOSX_DEPLOYMENT_TARGET = 14.0;
				OTHER_LDFLAGS = (
					"$(inherited)",
					"-fno-profile-instr-generate",
					"-framework",
					IOKit,
				);
				OTHER_CFLAGS = (
					"$(inherited)",
					"-fno-profile-instr-generate",
					"-fno-coverage-mapping",
				);
				PRODUCT_NAME = "$(TARGET_NAME)";
				SKIP_INSTALL = YES;
			};
			name = Debug;
		};
		DD800002 /* Release */ = {
			isa = XCBuildConfiguration;
			buildSettings = {
				CODE_SIGN_STYLE = Automatic;
				DEAD_CODE_STRIPPING = YES;
				ENABLE_CODE_COVERAGE = NO;
				ENABLE_HARDENED_RUNTIME = YES;
				GCC_TREAT_WARNINGS_AS_ERRORS = YES;
				MACOSX_DEPLOYMENT_TARGET = 14.0;
				OTHER_LDFLAGS = (
					"$(inherited)",
					"-fno-profile-instr-generate",
					"-framework",
					IOKit,
				);
				OTHER_CFLAGS = (
					"$(inherited)",
					"-fno-profile-instr-generate",
					"-fno-coverage-mapping",
				);
				PRODUCT_NAME = "$(TARGET_NAME)";
				SKIP_INSTALL = YES;
			};
			name = Release;
		};
/* End XCBuildConfiguration section */

/* Begin XCConfigurationList section */
		AA600001 /* Build configuration list for PBXNativeTarget "BatteryGuard" */ = {
			isa = XCConfigurationList;
			buildConfigurations = (
				AA800001 /* Debug */,
				AA800002 /* Release */,
			);
			defaultConfigurationIsVisible = 0;
			defaultConfigurationName = Release;
		};
		AA600003 /* Build configuration list for PBXProject "BatteryGuard" */ = {
			isa = XCConfigurationList;
			buildConfigurations = (
				AA800003 /* Debug */,
				AA800004 /* Release */,
			);
			defaultConfigurationIsVisible = 0;
			defaultConfigurationName = Release;
		};
		BB600001 /* Build configuration list for PBXNativeTarget "BatteryGuardTests" */ = {
			isa = XCConfigurationList;
			buildConfigurations = (
				BB800001 /* Debug */,
				BB800002 /* Release */,
			);
			defaultConfigurationIsVisible = 0;
			defaultConfigurationName = Release;
		};
		DD600001 /* Build configuration list for PBXNativeTarget "BatteryGuardSMCReader" */ = {
			isa = XCConfigurationList;
			buildConfigurations = (
				DD800001 /* Debug */,
				DD800002 /* Release */,
			);
			defaultConfigurationIsVisible = 0;
			defaultConfigurationName = Release;
		};
/* End XCConfigurationList section */
	};
	rootObject = AA700001 /* Project object */;
}
